
Microsoft Visual Studio Solution File, Format Version 12.00
# Visual Studio 15
VisualStudioVersion = 15.0.28307.1082
MinimumVisualStudioVersion = 10.0.40219.1
Project("{159641D6-6404-4A2A-AE62-294DE0FE8301}") = "UCC", "UCC.dtproj", "{D05945FA-66CF-4151-8E8D-43412A56E192}"
EndProject
Global
	GlobalSection(SolutionConfigurationPlatforms) = preSolution
		Development|Default = Development|Default
	EndGlobalSection
	GlobalSection(ProjectConfigurationPlatforms) = postSolution
		{D05945FA-66CF-4151-8E8D-43412A56E192}.Development|Default.ActiveCfg = Development
		{D05945FA-66CF-4151-8E8D-43412A56E192}.Development|Default.Build.0 = Development
	EndGlobalSection
	GlobalSection(SolutionProperties) = preSolution
		HideSolutionNode = FALSE
	EndGlobalSection
	GlobalSection(ExtensibilityGlobals) = postSolution
		SolutionGuid = {F335D35D-BB27-47E4-9878-DF11F7D8765F}
	EndGlobalSection
EndGlobal
